
Microsoft Visual Studio Solution File, Format Version 12.00
# Visual Studio 15
VisualStudioVersion = 15.0.27428.2043
MinimumVisualStudioVersion = 10.0.40219.1
Project("{8BC9CEB8-8B4A-11D0-8D11-00A0C91BC942}") = "Road", "Road\Road.vcxproj", "{329DAF08-2347-429A-BBD7-EEB787049444}"
EndProject
Global
	GlobalSection(SolutionConfigurationPlatforms) = preSolution
		Debug|x64 = Debug|x64
		Debug|x86 = Debug|x86
		Release|x64 = Release|x64
		Release|x86 = Release|x86
	EndGlobalSection
	GlobalSection(ProjectConfigurationPlatforms) = postSolution
		{329DAF08-2347-429A-BBD7-EEB787049444}.Debug|x64.ActiveCfg = Debug|x64
		{329DAF08-2347-429A-BBD7-EEB787049444}.Debug|x64.Build.0 = Debug|x64
		{329DAF08-2347-429A-BBD7-EEB787049444}.Debug|x86.ActiveCfg = Debug|Win32
		{329DAF08-2347-429A-BBD7-EEB787049444}.Debug|x86.Build.0 = Debug|Win32
		{329DAF08-2347-429A-BBD7-EEB787049444}.Release|x64.ActiveCfg = Release|x64
		{329DAF08-2347-429A-BBD7-EEB787049444}.Release|x64.Build.0 = Release|x64
		{329DAF08-2347-429A-BBD7-EEB787049444}.Release|x86.ActiveCfg = Release|Win32
		{329DAF08-2347-429A-BBD7-EEB787049444}.Release|x86.Build.0 = Release|Win32
	EndGlobalSection
	GlobalSection(SolutionProperties) = preSolution
		HideSolutionNode = FALSE
	EndGlobalSection
	GlobalSection(ExtensibilityGlobals) = postSolution
		SolutionGuid = {A246A18A-4522-4DF9-8944-6FFC6E019992}
	EndGlobalSection
EndGlobal
